<?xml version="1.0" encoding="utf-8"?>
<Project ToolsVersion="4.0" xmlns="http://schemas.microsoft.com/developer/msbuild/2003">
  <ItemGroup>
    <Filter Include="Source Files">
      <UniqueIdentifier>{4FC737F1-C7A5-4376-A066-2A32D752A2FF}</UniqueIdentifier>
      <Extensions>cpp;c;cc;cxx;def;odl;idl;hpj;bat;asm;asmx</Extensions>
    </Filter>
    <Filter Include="Header Files">
      <UniqueIdentifier>{93995380-89BD-4b04-88EB-625FBE52EBFB}</UniqueIdentifier>
      <Extensions>h;hh;hpp;hxx;hm;inl;inc;xsd</Extensions>
    </Filter>
    <Filter Include="Header Files\Animation">
      <UniqueIdentifier>{12d0d39a-aec0-4876-947e-b27e7fa747a5}</UniqueIdentifier>
    </Filter>
    <Filter Include="Source Files\Animation">
      <UniqueIdentifier>{a326fbc7-fa06-45d5-8504-a1dac9029eec}</UniqueIdentifier>
    </Filter>
    <Filter Include="Header Files\Core">
      <UniqueIdentifier>{4357ca89-d0e6-4afc-bbb5-8581d47dba3b}</UniqueIdentifier>
    </Filter>
    <Filter Include="Header Files\Defs">
      <UniqueIdentifier>{2258f1ae-4f0f-43dc-807b-2a2d8579b945}</UniqueIdentifier>
    </Filter>
    <Filter Include="Source Files\Core">
      <UniqueIdentifier>{75e16c78-57e1-4dba-90b6-5d8e52a3199d}</UniqueIdentifier>
    </Filter>
    <Filter Include="Source Files\Defs">
      <UniqueIdentifier>{44680f96-8f68-4b58-9537-d48861c2afce}</UniqueIdentifier>
    </Filter>
    <Filter Include="Header Files\Stats">
      <UniqueIdentifier>{cebb2cfb-589f-4cad-95ed-c1f5e82d22a9}</UniqueIdentifier>
    </Filter>
    <Filter Include="Source Files\Stats">
      <UniqueIdentifier>{bf7eb41c-4773-4bcc-b27e-dcecc667e52b}</UniqueIdentifier>
    </Filter>
  </ItemGroup>
  <ItemGroup>
    <ClCompile Include="src\Animation\Spawn.cpp">
      <Filter>Source Files\Animation</Filter>
    </ClCompile>
    <ClCompile Include="src\Animation\Merge.cpp">
      <Filter>Source Files\Animation</Filter>
    </ClCompile>
    <ClCompile Include="src\Animation\Move.cpp">
      <Filter>Source Files\Animation</Filter>
    </ClCompile>
    <ClCompile Include="src\Game\Game.cpp">
      <Filter>Source Files\Core</Filter>
    </ClCompile>
    <ClCompile Include="src\Window\Window.cpp">
      <Filter>Source Files\Core</Filter>
    </ClCompile>
    <ClCompile Include="src\Program\Program.cpp">
      <Filter>Source Files\Core</Filter>
    </ClCompile>
    <ClCompile Include="src\Definitions\Definitions.cpp">
      <Filter>Source Files\Defs</Filter>
    </ClCompile>
    <ClCompile Include="src\Definitions\Rect.cpp">
      <Filter>Source Files\Defs</Filter>
    </ClCompile>
    <ClCompile Include="src\Main.cpp">
      <Filter>Source Files\Core</Filter>
    </ClCompile>
    <ClCompile Include="src\Definitions\NumberedRect.cpp">
      <Filter>Source Files\Defs</Filter>
    </ClCompile>
    <ClCompile Include="src\Window\GameWindow.cpp">
      <Filter>Source Files\Core</Filter>
    </ClCompile>
    <ClCompile Include="src\Stats\Stats.cpp">
      <Filter>Source Files\Stats</Filter>
    </ClCompile>
    <ClCompile Include="src\Window\StatsWindow.cpp">
      <Filter>Source Files\Stats</Filter>
    </ClCompile>
  </ItemGroup>
  <ItemGroup>
    <ClInclude Include="src\Animation\Animation.hpp">
      <Filter>Header Files\Animation</Filter>
    </ClInclude>
    <ClInclude Include="src\Animation\Animator.hpp">
      <Filter>Header Files\Animation</Filter>
    </ClInclude>
    <ClInclude Include="src\Animation\Spawn.hpp">
      <Filter>Header Files\Animation</Filter>
    </ClInclude>
    <ClInclude Include="src\Animation\Merge.hpp">
      <Filter>Header Files\Animation</Filter>
    </ClInclude>
    <ClInclude Include="src\Animation\Move.hpp">
      <Filter>Header Files\Animation</Filter>
    </ClInclude>
    <ClInclude Include="src\Game\Game.hpp">
      <Filter>Header Files\Core</Filter>
    </ClInclude>
    <ClInclude Include="src\Program\Program.hpp">
      <Filter>Header Files\Core</Filter>
    </ClInclude>
    <ClInclude Include="src\Window\Window.hpp">
      <Filter>Header Files\Core</Filter>
    </ClInclude>
    <ClInclude Include="src\Definitions\Definitions.hpp">
      <Filter>Header Files\Defs</Filter>
    </ClInclude>
    <ClInclude Include="src\Definitions\NumberedRect.hpp">
      <Filter>Header Files\Defs</Filter>
    </ClInclude>
    <ClInclude Include="src\Definitions\Rect.hpp">
      <Filter>Header Files\Defs</Filter>
    </ClInclude>
    <ClInclude Include="src\Window\GameWindow.hpp">
      <Filter>Header Files\Core</Filter>
    </ClInclude>
    <ClInclude Include="src\Stats\Stats.hpp">
      <Filter>Header Files\Stats</Filter>
    </ClInclude>
    <ClInclude Include="src\Window\StatsWindow.hpp">
      <Filter>Header Files\Stats</Filter>
    </ClInclude>
  </ItemGroup>
</Project>